// !$*UTF8*$!
{
	archiveVersion = 1;
	classes = {
	};
	objectVersion = 46;
	objects = {

/* Begin PBXBuildFile section */
		831598DE1A1BE80E00F4941B /* AlbertEinsteinStamp.jpg in Resources */ = {isa = PBXBuildFile; fileRef = 831598DC1A1BE80E00F4941B /* AlbertEinsteinStamp.jpg */; };
		831598DF1A1BE80E00F4941B /* SagradaFamilia.jpeg in Resources */ = {isa = PBXBuildFile; fileRef = 831598DD1A1BE80E00F4941B /* SagradaFamilia.jpeg */; };
		835D3E1F1A1BD340002F480B /* AppDelegate.swift in Sources */ = {isa = PBXBuildFile; fileRef = 835D3E1E1A1BD340002F480B /* AppDelegate.swift */; };
		835D3E221A1BD340002F480B /* PostcodeTake2.xcdatamodeld in Sources */ = {isa = PBXBuildFile; fileRef = 835D3E201A1BD340002F480B /* PostcodeTake2.xcdatamodeld */; };
		835D3E241A1BD340002F480B /* ViewController.swift in Sources */ = {isa = PBXBuildFile; fileRef = 835D3E231A1BD340002F480B /* ViewController.swift */; };
		835D3E271A1BD340002F480B /* Main.storyboard in Resources */ = {isa = PBXBuildFile; fileRef = 835D3E251A1BD340002F480B /* Main.storyboard */; };
		835D3E291A1BD340002F480B /* Images.xcassets in Resources */ = {isa = PBXBuildFile; fileRef = 835D3E281A1BD340002F480B /* Images.xcassets */; };
		835D3E2C1A1BD340002F480B /* LaunchScreen.xib in Resources */ = {isa = PBXBuildFile; fileRef = 835D3E2A1A1BD340002F480B /* LaunchScreen.xib */; };
		835D3E381A1BD340002F480B /* PostcodeTake2Tests.swift in Sources */ = {isa = PBXBuildFile; fileRef = 835D3E371A1BD340002F480B /* PostcodeTake2Tests.swift */; };
/* End PBXBuildFile section */

/* Begin PBXContainerItemProxy section */
		835D3E321A1BD340002F480B /* PBXContainerItemProxy */ = {
			isa = PBXContainerItemProxy;
			containerPortal = 835D3E111A1BD340002F480B /* Project object */;
			proxyType = 1;
			remoteGlobalIDString = 835D3E181A1BD340002F480B;
			remoteInfo = PostcodeTake2;
		};
/* End PBXContainerItemProxy section */

/* Begin PBXFileReference section */
		831598DC1A1BE80E00F4941B /* AlbertEinsteinStamp.jpg */ = {isa = PBXFileReference; lastKnownFileType = image.jpeg; path = AlbertEinsteinStamp.jpg; sourceTree = "<group>"; };
		831598DD1A1BE80E00F4941B /* SagradaFamilia.jpeg */ = {isa = PBXFileReference; lastKnownFileType = image.jpeg; path = SagradaFamilia.jpeg; sourceTree = "<group>"; };
		835D3E191A1BD340002F480B /* PostcodeTake2.app */ = {isa = PBXFileReference; explicitFileType = wrapper.application; includeInIndex = 0; path = PostcodeTake2.app; sourceTree = BUILT_PRODUCTS_DIR; };
		835D3E1D1A1BD340002F480B /* Info.plist */ = {isa = PBXFileReference; lastKnownFileType = text.plist.xml; path = Info.plist; sourceTree = "<group>"; };
		835D3E1E1A1BD340002F480B /* AppDelegate.swift */ = {isa = PBXFileReference; lastKnownFileType = sourcecode.swift; path = AppDelegate.swift; sourceTree = "<group>"; };
		835D3E211A1BD340002F480B /* PostcodeTake2.xcdatamodel */ = {isa = PBXFileReference; lastKnownFileType = wrapper.xcdatamodel; path = PostcodeTake2.xcdatamodel; sourceTree = "<group>"; };
		835D3E231A1BD340002F480B /* ViewController.swift */ = {isa = PBXFileReference; lastKnownFileType = sourcecode.swift; path = ViewController.swift; sourceTree = "<group>"; };
		835D3E261A1BD340002F480B /* Base */ = {isa = PBXFileReference; lastKnownFileType = file.storyboard; name = Base; path = Base.lproj/Main.storyboard; sourceTree = "<group>"; };
		835D3E281A1BD340002F480B /* Images.xcassets */ = {isa = PBXFileReference; lastKnownFileType = folder.assetcatalog; path = Images.xcassets; sourceTree = "<group>"; };
		835D3E2B1A1BD340002F480B /* Base */ = {isa = PBXFileReference; lastKnownFileType = file.xib; name = Base; path = Base.lproj/LaunchScreen.xib; sourceTree = "<group>"; };
		835D3E311A1BD340002F480B /* PostcodeTake2Tests.xctest */ = {isa = PBXFileReference; explicitFileType = wrapper.cfbundle; includeInIndex = 0; path = PostcodeTake2Tests.xctest; sourceTree = BUILT_PRODUCTS_DIR; };
		835D3E361A1BD340002F480B /* Info.plist */ = {isa = PBXFileReference; lastKnownFileType = text.plist.xml; path = Info.plist; sourceTree = "<group>"; };
		835D3E371A1BD340002F480B /* PostcodeTake2Tests.swift */ = {isa = PBXFileReference; lastKnownFileType = sourcecode.swift; path = PostcodeTake2Tests.swift; sourceTree = "<group>"; };
/* End PBXFileReference section */

/* Begin PBXFrameworksBuildPhase section */
		835D3E161A1BD340002F480B /* Frameworks */ = {
			isa = PBXFrameworksBuildPhase;
			buildActionMask = 2147483647;
			files = (
			);
			runOnlyForDeploymentPostprocessing = 0;
		};
		835D3E2E1A1BD340002F480B /* Frameworks */ = {
			isa = PBXFrameworksBuildPhase;
			buildActionMask = 2147483647;
			files = (
			);
			runOnlyForDeploymentPostprocessing = 0;
		};
/* End PBXFrameworksBuildPhase section */

/* Begin PBXGroup section */
		835D3E101A1BD340002F480B = {
			isa = PBXGroup;
			children = (
				835D3E1B1A1BD340002F480B /* PostcodeTake2 */,
				835D3E341A1BD340002F480B /* PostcodeTake2Tests */,
				835D3E1A1A1BD340002F480B /* Products */,
			);
			sourceTree = "<group>";
		};
		835D3E1A1A1BD340002F480B /* Products */ = {
			isa = PBXGroup;
			children = (
				835D3E191A1BD340002F480B /* PostcodeTake2.app */,
				835D3E311A1BD340002F480B /* PostcodeTake2Tests.xctest */,
			);
			name = Products;
			sourceTree = "<group>";
		};
		835D3E1B1A1BD340002F480B /* PostcodeTake2 */ = {
			isa = PBXGroup;
			children = (
				835D3E1E1A1BD340002F480B /* AppDelegate.swift */,
				835D3E231A1BD340002F480B /* ViewController.swift */,
				835D3E251A1BD340002F480B /* Main.storyboard */,
				835D3E281A1BD340002F480B /* Images.xcassets */,
				835D3E2A1A1BD340002F480B /* LaunchScreen.xib */,
				835D3E201A1BD340002F480B /* PostcodeTake2.xcdatamodeld */,
				835D3E1C1A1BD340002F480B /* Supporting Files */,
			);
			path = PostcodeTake2;
			sourceTree = "<group>";
		};
		835D3E1C1A1BD340002F480B /* Supporting Files */ = {
			isa = PBXGroup;
			children = (
				835D3E1D1A1BD340002F480B /* Info.plist */,
				831598DC1A1BE80E00F4941B /* AlbertEinsteinStamp.jpg */,
				831598DD1A1BE80E00F4941B /* SagradaFamilia.jpeg */,
			);
			name = "Supporting Files";
			sourceTree = "<group>";
		};
		835D3E341A1BD340002F480B /* PostcodeTake2Tests */ = {
			isa = PBXGroup;
			children = (
				835D3E371A1BD340002F480B /* PostcodeTake2Tests.swift */,
				835D3E351A1BD340002F480B /* Supporting Files */,
			);
			path = PostcodeTake2Tests;
			sourceTree = "<group>";
		};
		835D3E351A1BD340002F480B /* Supporting Files */ = {
			isa = PBXGroup;
			children = (
				835D3E361A1BD340002F480B /* Info.plist */,
			);
			name = "Supporting Files";
			sourceTree = "<group>";
		};
/* End PBXGroup section */

/* Begin PBXNativeTarget section */
		835D3E181A1BD340002F480B /* PostcodeTake2 */ = {
			isa = PBXNativeTarget;
			buildConfigurationList = 835D3E3B1A1BD340002F480B /* Build configuration list for PBXNativeTarget "PostcodeTake2" */;
			buildPhases = (
				835D3E151A1BD340002F480B /* Sources */,
				835D3E161A1BD340002F480B /* Frameworks */,
				835D3E171A1BD340002F480B /* Resources */,
			);
			buildRules = (
			);
			dependencies = (
			);
			name = PostcodeTake2;
			productName = PostcodeTake2;
			productReference = 835D3E191A1BD340002F480B /* PostcodeTake2.app */;
			productType = "com.apple.product-type.application";
		};
		835D3E301A1BD340002F480B /* PostcodeTake2Tests */ = {
			isa = PBXNativeTarget;
			buildConfigurationList = 835D3E3E1A1BD340002F480B /* Build configuration list for PBXNativeTarget "PostcodeTake2Tests" */;
			buildPhases = (
				835D3E2D1A1BD340002F480B /* Sources */,
				835D3E2E1A1BD340002F480B /* Frameworks */,
				835D3E2F1A1BD340002F480B /* Resources */,
			);
			buildRules = (
			);
			dependencies = (
				835D3E331A1BD340002F480B /* PBXTargetDependency */,
			);
			name = PostcodeTake2Tests;
			productName = PostcodeTake2Tests;
			productReference = 835D3E311A1BD340002F480B /* PostcodeTake2Tests.xctest */;
			productType = "com.apple.product-type.bundle.unit-test";
		};
/* End PBXNativeTarget section */

/* Begin PBXProject section */
		835D3E111A1BD340002F480B /* Project object */ = {
			isa = PBXProject;
			attributes = {
				LastUpgradeCheck = 0610;
				ORGANIZATIONNAME = michaeloriley;
				TargetAttributes = {
					835D3E181A1BD340002F480B = {
						CreatedOnToolsVersion = 6.1;
					};
					835D3E301A1BD340002F480B = {
						CreatedOnToolsVersion = 6.1;
						TestTargetID = 835D3E181A1BD340002F480B;
					};
				};
			};
			buildConfigurationList = 835D3E141A1BD340002F480B /* Build configuration list for PBXProject "PostcodeTake2" */;
			compatibilityVersion = "Xcode 3.2";
			developmentRegion = English;
			hasScannedForEncodings = 0;
			knownRegions = (
				en,
				Base,
			);
			mainGroup = 835D3E101A1BD340002F480B;
			productRefGroup = 835D3E1A1A1BD340002F480B /* Products */;
			projectDirPath = "";
			projectRoot = "";
			targets = (
				835D3E181A1BD340002F480B /* PostcodeTake2 */,
				835D3E301A1BD340002F480B /* PostcodeTake2Tests */,
			);
		};
/* End PBXProject section */

/* Begin PBXResourcesBuildPhase section */
		835D3E171A1BD340002F480B /* Resources */ = {
			isa = PBXResourcesBuildPhase;
			buildActionMask = 2147483647;
			files = (
				831598DE1A1BE80E00F4941B /* AlbertEinsteinStamp.jpg in Resources */,
				835D3E271A1BD340002F480B /* Main.storyboard in Resources */,
				835D3E2C1A1BD340002F480B /* LaunchScreen.xib in Resources */,
				835D3E291A1BD340002F480B /* Images.xcassets in Resources */,
				831598DF1A1BE80E00F4941B /* SagradaFamilia.jpeg in Resources */,
			);
			runOnlyForDeploymentPostprocessing = 0;
		};
		835D3E2F1A1BD340002F480B /* Resources */ = {
			isa = PBXResourcesBuildPhase;
			buildActionMask = 2147483647;
			files = (
			);
			runOnlyForDeploymentPostprocessing = 0;
		};
/* End PBXResourcesBuildPhase section */

/* Begin PBXSourcesBuildPhase section */
		835D3E151A1BD340002F480B /* Sources */ = {
			isa = PBXSourcesBuildPhase;
			buildActionMask = 2147483647;
			files = (
				835D3E241A1BD340002F480B /* ViewController.swift in Sources */,
				835D3E221A1BD340002F480B /* PostcodeTake2.xcdatamodeld in Sources */,
				835D3E1F1A1BD340002F480B /* AppDelegate.swift in Sources */,
			);
			runOnlyForDeploymentPostprocessing = 0;
		};
		835D3E2D1A1BD340002F480B /* Sources */ = {
			isa = PBXSourcesBuildPhase;
			buildActionMask = 2147483647;
			files = (
				835D3E381A1BD340002F480B /* PostcodeTake2Tests.swift in Sources */,
			);
			runOnlyForDeploymentPostprocessing = 0;
		};
/* End PBXSourcesBuildPhase section */

/* Begin PBXTargetDependency section */
		835D3E331A1BD340002F480B /* PBXTargetDependency */ = {
			isa = PBXTargetDependency;
			target = 835D3E181A1BD340002F480B /* PostcodeTake2 */;
			targetProxy = 835D3E321A1BD340002F480B /* PBXContainerItemProxy */;
		};
/* End PBXTargetDependency section */

/* Begin PBXVariantGroup section */
		835D3E251A1BD340002F480B /* Main.storyboard */ = {
			isa = PBXVariantGroup;
			children = (
				835D3E261A1BD340002F480B /* Base */,
			);
			name = Main.storyboard;
			sourceTree = "<group>";
		};
		835D3E2A1A1BD340002F480B /* LaunchScreen.xib */ = {
			isa = PBXVariantGroup;
			children = (
				835D3E2B1A1BD340002F480B /* Base */,
			);
			name = LaunchScreen.xib;
			sourceTree = "<group>";
		};
/* End PBXVariantGroup section */

/* Begin XCBuildConfiguration section */
		835D3E391A1BD340002F480B /* Debug */ = {
			isa = XCBuildConfiguration;
			buildSettings = {
				ALWAYS_SEARCH_USER_PATHS = NO;
				CLANG_CXX_LANGUAGE_STANDARD = "gnu++0x";
				CLANG_CXX_LIBRARY = "libc++";
				CLANG_ENABLE_MODULES = YES;
				CLANG_ENABLE_OBJC_ARC = YES;
				CLANG_WARN_BOOL_CONVERSION = YES;
				CLANG_WARN_CONSTANT_CONVERSION = YES;
				CLANG_WARN_DIRECT_OBJC_ISA_USAGE = YES_ERROR;
				CLANG_WARN_EMPTY_BODY = YES;
				CLANG_WARN_ENUM_CONVERSION = YES;
				CLANG_WARN_INT_CONVERSION = YES;
				CLANG_WARN_OBJC_ROOT_CLASS = YES_ERROR;
				CLANG_WARN_UNREACHABLE_CODE = YES;
				CLANG_WARN__DUPLICATE_METHOD_MATCH = YES;
				"CODE_SIGN_IDENTITY[sdk=iphoneos*]" = "iPhone Developer";
				COPY_PHASE_STRIP = NO;
				ENABLE_STRICT_OBJC_MSGSEND = YES;
				GCC_C_LANGUAGE_STANDARD = gnu99;
				GCC_DYNAMIC_NO_PIC = NO;
				GCC_OPTIMIZATION_LEVEL = 0;
				GCC_PREPROCESSOR_DEFINITIONS = (
					"DEBUG=1",
					"$(inherited)",
				);
				GCC_SYMBOLS_PRIVATE_EXTERN = NO;
				GCC_WARN_64_TO_32_BIT_CONVERSION = YES;
				GCC_WARN_ABOUT_RETURN_TYPE = YES_ERROR;
				GCC_WARN_UNDECLARED_SELECTOR = YES;
				GCC_WARN_UNINITIALIZED_AUTOS = YES_AGGRESSIVE;
				GCC_WARN_UNUSED_FUNCTION = YES;
				GCC_WARN_UNUSED_VARIABLE = YES;
				IPHONEOS_DEPLOYMENT_TARGET = 8.1;
				MTL_ENABLE_DEBUG_INFO = YES;
				ONLY_ACTIVE_ARCH = YES;
				SDKROOT = iphoneos;
				SWIFT_OPTIMIZATION_LEVEL = "-Onone";
				TARGETED_DEVICE_FAMILY = "1,2";
			};
			name = Debug;
		};
		835D3E3A1A1BD340002F480B /* Release */ = {
			isa = XCBuildConfiguration;
			buildSettings = {
				ALWAYS_SEARCH_USER_PATHS = NO;
				CLANG_CXX_LANGUAGE_STANDARD = "gnu++0x";
				CLANG_CXX_LIBRARY = "libc++";
				CLANG_ENABLE_MODULES = YES;
				CLANG_ENABLE_OBJC_ARC = YES;
				CLANG_WARN_BOOL_CONVERSION = YES;
				CLANG_WARN_CONSTANT_CONVERSION = YES;
				CLANG_WARN_DIRECT_OBJC_ISA_USAGE = YES_ERROR;
				CLANG_WARN_EMPTY_BODY = YES;
				CLANG_WARN_ENUM_CONVERSION = YES;
				CLANG_WARN_INT_CONVERSION = YES;
				CLANG_WARN_OBJC_ROOT_CLASS = YES_ERROR;
				CLANG_WARN_UNREACHABLE_CODE = YES;
				CLANG_WARN__DUPLICATE_METHOD_MATCH = YES;
				"CODE_SIGN_IDENTITY[sdk=iphoneos*]" = "iPhone Developer";
				COPY_PHASE_STRIP = YES;
				ENABLE_NS_ASSERTIONS = NO;
				ENABLE_STRICT_OBJC_MSGSEND = YES;
				GCC_C_LANGUAGE_STANDARD = gnu99;
				GCC_WARN_64_TO_32_BIT_CONVERSION = YES;
				GCC_WARN_ABOUT_RETURN_TYPE = YES_ERROR;
				GCC_WARN_UNDECLARED_SELECTOR = YES;
				GCC_WARN_UNINITIALIZED_AUTOS = YES_AGGRESSIVE;
				GCC_WARN_UNUSED_FUNCTION = YES;
				GCC_WARN_UNUSED_VARIABLE = YES;
				IPHONEOS_DEPLOYMENT_TARGET = 8.1;
				MTL_ENABLE_DEBUG_INFO = NO;
				SDKROOT = iphoneos;
				TARGETED_DEVICE_FAMILY = "1,2";
				VALIDATE_PRODUCT = YES;
			};
			name = Release;
		};
		835D3E3C1A1BD340002F480B /* Debug */ = {
			isa = XCBuildConfiguration;
			buildSettings = {
				ASSETCATALOG_COMPILER_APPICON_NAME = AppIcon;
				INFOPLIST_FILE = PostcodeTake2/Info.plist;
				LD_RUNPATH_SEARCH_PATHS = "$(inherited) @executable_path/Frameworks";
				PRODUCT_NAME = "$(TARGET_NAME)";
			};
			name = Debug;
		};
		835D3E3D1A1BD340002F480B /* Release */ = {
			isa = XCBuildConfiguration;
			buildSettings = {
				ASSETCATALOG_COMPILER_APPICON_NAME = AppIcon;
				INFOPLIST_FILE = PostcodeTake2/Info.plist;
				LD_RUNPATH_SEARCH_PATHS = "$(inherited) @executable_path/Frameworks";
				PRODUCT_NAME = "$(TARGET_NAME)";
			};
			name = Release;
		};
		835D3E3F1A1BD340002F480B /* Debug */ = {
			isa = XCBuildConfiguration;
			buildSettings = {
				BUNDLE_LOADER = "$(TEST_HOST)";
				FRAMEWORK_SEARCH_PATHS = (
					"$(SDKROOT)/Developer/Library/Frameworks",
					"$(inherited)",
				);
				GCC_PREPROCESSOR_DEFINITIONS = (
					"DEBUG=1",
					"$(inherited)",
				);
				INFOPLIST_FILE = PostcodeTake2Tests/Info.plist;
				LD_RUNPATH_SEARCH_PATHS = "$(inherited) @executable_path/Frameworks @loader_path/Frameworks";
				PRODUCT_NAME = "$(TARGET_NAME)";
				TEST_HOST = "$(BUILT_PRODUCTS_DIR)/PostcodeTake2.app/PostcodeTake2";
			};
			name = Debug;
		};
		835D3E401A1BD340002F480B /* Release */ = {
			isa = XCBuildConfiguration;
			buildSettings = {
				BUNDLE_LOADER = "$(TEST_HOST)";
				FRAMEWORK_SEARCH_PATHS = (
					"$(SDKROOT)/Developer/Library/Frameworks",
					"$(inherited)",
				);
				INFOPLIST_FILE = PostcodeTake2Tests/Info.plist;
				LD_RUNPATH_SEARCH_PATHS = "$(inherited) @executable_path/Frameworks @loader_path/Frameworks";
				PRODUCT_NAME = "$(TARGET_NAME)";
				TEST_HOST = "$(BUILT_PRODUCTS_DIR)/PostcodeTake2.app/PostcodeTake2";
			};
			name = Release;
		};
/* End XCBuildConfiguration section */

/* Begin XCConfigurationList section */
		835D3E141A1BD340002F480B /* Build configuration list for PBXProject "PostcodeTake2" */ = {
			isa = XCConfigurationList;
			buildConfigurations = (
				835D3E391A1BD340002F480B /* Debug */,
				835D3E3A1A1BD340002F480B /* Release */,
			);
			defaultConfigurationIsVisible = 0;
			defaultConfigurationName = Release;
		};
		835D3E3B1A1BD340002F480B /* Build configuration list for PBXNativeTarget "PostcodeTake2" */ = {
			isa = XCConfigurationList;
			buildConfigurations = (
				835D3E3C1A1BD340002F480B /* Debug */,
				835D3E3D1A1BD340002F480B /* Release */,
			);
			defaultConfigurationIsVisible = 0;
			defaultConfigurationName = Release;
		};
		835D3E3E1A1BD340002F480B /* Build configuration list for PBXNativeTarget "PostcodeTake2Tests" */ = {
			isa = XCConfigurationList;
			buildConfigurations = (
				835D3E3F1A1BD340002F480B /* Debug */,
				835D3E401A1BD340002F480B /* Release */,
			);
			defaultConfigurationIsVisible = 0;
			defaultConfigurationName = Release;
		};
/* End XCConfigurationList section */

/* Begin XCVersionGroup section */
		835D3E201A1BD340002F480B /* PostcodeTake2.xcdatamodeld */ = {
			isa = XCVersionGroup;
			children = (
				835D3E211A1BD340002F480B /* PostcodeTake2.xcdatamodel */,
			);
			currentVersion = 835D3E211A1BD340002F480B /* PostcodeTake2.xcdatamodel */;
			path = PostcodeTake2.xcdatamodeld;
			sourceTree = "<group>";
			versionGroupType = wrapper.xcdatamodel;
		};
/* End XCVersionGroup section */
	};
	rootObject = 835D3E111A1BD340002F480B /* Project object */;
}
